
Microsoft Visual Studio Solution File, Format Version 12.00
Project("{FAE04EC0-301F-11D3-BF4B-00C04F79EFBC}") = "ChosenFunctionApp", "ChosenFunctionApp\ChosenFunctionApp.csproj", "{57482A28-43E9-4569-B69F-94A594FD0BD5}"
EndProject
Global
	GlobalSection(SolutionConfigurationPlatforms) = preSolution
		Debug|Any CPU = Debug|Any CPU
		Release|Any CPU = Release|Any CPU
	EndGlobalSection
	GlobalSection(ProjectConfigurationPlatforms) = postSolution
		{57482A28-43E9-4569-B69F-94A594FD0BD5}.Debug|Any CPU.ActiveCfg = Debug|Any CPU
		{57482A28-43E9-4569-B69F-94A594FD0BD5}.Debug|Any CPU.Build.0 = Debug|Any CPU
		{57482A28-43E9-4569-B69F-94A594FD0BD5}.Release|Any CPU.ActiveCfg = Release|Any CPU
		{57482A28-43E9-4569-B69F-94A594FD0BD5}.Release|Any CPU.Build.0 = Release|Any CPU
	EndGlobalSection
EndGlobal
